
Microsoft Visual Studio Solution File, Format Version 12.00
# Visual Studio Version 17
VisualStudioVersion = 17.5.33516.290
MinimumVisualStudioVersion = 10.0.40219.1
Project("{FAE04EC0-301F-11D3-BF4B-00C04F79EFBC}") = "Bumblebee", "Bumblebee\Bumblebee.csproj", "{1F6116CB-46F4-4C3C-9B44-EB396CAA4396}"
	ProjectSection(ProjectDependencies) = postProject
		{131AC255-C3F6-422D-B5C0-C009D254C8E6} = {131AC255-C3F6-422D-B5C0-C009D254C8E6}
	EndProjectSection
EndProject
Project("{FAE04EC0-301F-11D3-BF4B-00C04F79EFBC}") = "Client", "Client\Client.csproj", "{131AC255-C3F6-422D-B5C0-C009D254C8E6}"
EndProject
Global
	GlobalSection(SolutionConfigurationPlatforms) = preSolution
		Debug|Any CPU = Debug|Any CPU
		Release|Any CPU = Release|Any CPU
	EndGlobalSection
	GlobalSection(ProjectConfigurationPlatforms) = postSolution
		{1F6116CB-46F4-4C3C-9B44-EB396CAA4396}.Debug|Any CPU.ActiveCfg = Debug|Any CPU
		{1F6116CB-46F4-4C3C-9B44-EB396CAA4396}.Debug|Any CPU.Build.0 = Debug|Any CPU
		{1F6116CB-46F4-4C3C-9B44-EB396CAA4396}.Release|Any CPU.ActiveCfg = Release|Any CPU
		{1F6116CB-46F4-4C3C-9B44-EB396CAA4396}.Release|Any CPU.Build.0 = Release|Any CPU
		{131AC255-C3F6-422D-B5C0-C009D254C8E6}.Debug|Any CPU.ActiveCfg = Debug|Any CPU
		{131AC255-C3F6-422D-B5C0-C009D254C8E6}.Debug|Any CPU.Build.0 = Debug|Any CPU
		{131AC255-C3F6-422D-B5C0-C009D254C8E6}.Release|Any CPU.ActiveCfg = Release|Any CPU
		{131AC255-C3F6-422D-B5C0-C009D254C8E6}.Release|Any CPU.Build.0 = Release|Any CPU
	EndGlobalSection
	GlobalSection(SolutionProperties) = preSolution
		HideSolutionNode = FALSE
	EndGlobalSection
	GlobalSection(ExtensibilityGlobals) = postSolution
		SolutionGuid = {7633B6AD-CE4E-4548-8816-076A5C8FC251}
	EndGlobalSection
EndGlobal
